// !$*UTF8*$!
{
	archiveVersion = 1;
	classes = {
	};
	objectVersion = 46;
	objects = {

/* Begin PBXBuildFile section */
		482D707219412F8100E1FD63 /* PTTrailRenderer.m in Sources */ = {isa = PBXBuildFile; fileRef = 482D707119412F8100E1FD63 /* PTTrailRenderer.m */; };
		48E8CE9C193A66C000370D72 /* Foundation.framework in Frameworks */ = {isa = PBXBuildFile; fileRef = 48E8CE9B193A66C000370D72 /* Foundation.framework */; };
		48E8CE9E193A66C000370D72 /* CoreGraphics.framework in Frameworks */ = {isa = PBXBuildFile; fileRef = 48E8CE9D193A66C000370D72 /* CoreGraphics.framework */; };
		48E8CEA0193A66C000370D72 /* UIKit.framework in Frameworks */ = {isa = PBXBuildFile; fileRef = 48E8CE9F193A66C000370D72 /* UIKit.framework */; };
		48E8CEA6193A66C000370D72 /* InfoPlist.strings in Resources */ = {isa = PBXBuildFile; fileRef = 48E8CEA4193A66C000370D72 /* InfoPlist.strings */; };
		48E8CEA8193A66C000370D72 /* main.m in Sources */ = {isa = PBXBuildFile; fileRef = 48E8CEA7193A66C000370D72 /* main.m */; };
		48E8CEAC193A66C000370D72 /* PTAppDelegate.m in Sources */ = {isa = PBXBuildFile; fileRef = 48E8CEAB193A66C000370D72 /* PTAppDelegate.m */; };
		48E8CEAE193A66C000370D72 /* Images.xcassets in Resources */ = {isa = PBXBuildFile; fileRef = 48E8CEAD193A66C000370D72 /* Images.xcassets */; };
		48E8CEB5193A66C000370D72 /* XCTest.framework in Frameworks */ = {isa = PBXBuildFile; fileRef = 48E8CEB4193A66C000370D72 /* XCTest.framework */; };
		48E8CEB6193A66C000370D72 /* Foundation.framework in Frameworks */ = {isa = PBXBuildFile; fileRef = 48E8CE9B193A66C000370D72 /* Foundation.framework */; };
		48E8CEB7193A66C000370D72 /* UIKit.framework in Frameworks */ = {isa = PBXBuildFile; fileRef = 48E8CE9F193A66C000370D72 /* UIKit.framework */; };
		48E8CEBF193A66C000370D72 /* InfoPlist.strings in Resources */ = {isa = PBXBuildFile; fileRef = 48E8CEBD193A66C000370D72 /* InfoPlist.strings */; };
		48E8CEC1193A66C000370D72 /* PDX_TrailsTests.m in Sources */ = {isa = PBXBuildFile; fileRef = 48E8CEC0193A66C000370D72 /* PDX_TrailsTests.m */; };
		48E8CED0193A772100370D72 /* PTRootMapViewController.m in Sources */ = {isa = PBXBuildFile; fileRef = 48E8CECF193A772100370D72 /* PTRootMapViewController.m */; };
		48E8CED3193A773700370D72 /* PTTrailInfoViewController.m in Sources */ = {isa = PBXBuildFile; fileRef = 48E8CED2193A773700370D72 /* PTTrailInfoViewController.m */; };
		48E8CED6193A810200370D72 /* PTUserDetailsViewController.m in Sources */ = {isa = PBXBuildFile; fileRef = 48E8CED5193A810200370D72 /* PTUserDetailsViewController.m */; };
		48E8CEDA193A9FA600370D72 /* SWRevealViewController.m in Sources */ = {isa = PBXBuildFile; fileRef = 48E8CED9193A9FA600370D72 /* SWRevealViewController.m */; };
		48E8CEDD193AADBC00370D72 /* PTConstants.m in Sources */ = {isa = PBXBuildFile; fileRef = 48E8CEDC193AADBC00370D72 /* PTConstants.m */; };
		48E8CEE4193AB70600370D72 /* PTCyclingTrailFinderViewController.m in Sources */ = {isa = PBXBuildFile; fileRef = 48E8CEE3193AB70600370D72 /* PTCyclingTrailFinderViewController.m */; };
		48E8CEE7193AC1AA00370D72 /* PTWalkingTrailFinderViewController.m in Sources */ = {isa = PBXBuildFile; fileRef = 48E8CEE6193AC1AA00370D72 /* PTWalkingTrailFinderViewController.m */; };
		48E8CEEA193AE98600370D72 /* PTADATrailFinderViewController.m in Sources */ = {isa = PBXBuildFile; fileRef = 48E8CEE9193AE98600370D72 /* PTADATrailFinderViewController.m */; };
		48E8CEED193AE9A800370D72 /* PTHikingTrailFinderViewController.m in Sources */ = {isa = PBXBuildFile; fileRef = 48E8CEEC193AE9A800370D72 /* PTHikingTrailFinderViewController.m */; };
		48E8CEF9193B937D00370D72 /* PTTrail.m in Sources */ = {isa = PBXBuildFile; fileRef = 48E8CEF8193B937D00370D72 /* PTTrail.m */; };
		48E8CEFF193B9F6200370D72 /* PTTrailDataProvider.m in Sources */ = {isa = PBXBuildFile; fileRef = 48E8CEFE193B9F6200370D72 /* PTTrailDataProvider.m */; };
		48E8CF03193BE05400370D72 /* PTFilterCell.m in Sources */ = {isa = PBXBuildFile; fileRef = 48E8CF02193BE05400370D72 /* PTFilterCell.m */; };
		48E8CF06193C0D1E00370D72 /* PTTrailSegment.m in Sources */ = {isa = PBXBuildFile; fileRef = 48E8CF05193C0D1E00370D72 /* PTTrailSegment.m */; };
		48E8CF0C193C15C200370D72 /* areas.geojson in Resources */ = {isa = PBXBuildFile; fileRef = 48E8CF07193C15C200370D72 /* areas.geojson */; };
		48E8CF0D193C15C200370D72 /* named_trails.csv in Resources */ = {isa = PBXBuildFile; fileRef = 48E8CF08193C15C200370D72 /* named_trails.csv */; };
		48E8CF0E193C15C200370D72 /* stewards.csv in Resources */ = {isa = PBXBuildFile; fileRef = 48E8CF09193C15C200370D72 /* stewards.csv */; };
		48E8CF0F193C15C200370D72 /* trail_segments.geojson in Resources */ = {isa = PBXBuildFile; fileRef = 48E8CF0A193C15C200370D72 /* trail_segments.geojson */; };
		48E8CF10193C15C200370D72 /* trailheads.geojson in Resources */ = {isa = PBXBuildFile; fileRef = 48E8CF0B193C15C200370D72 /* trailheads.geojson */; };
		48E8CF13193C1BB700370D72 /* PTPLATSImportOperation.m in Sources */ = {isa = PBXBuildFile; fileRef = 48E8CF12193C1BB700370D72 /* PTPLATSImportOperation.m */; };
		48E8CF17193C1E4100370D72 /* CHCSVParser.m in Sources */ = {isa = PBXBuildFile; fileRef = 48E8CF16193C1E4100370D72 /* CHCSVParser.m */; };
/* End PBXBuildFile section */

/* Begin PBXContainerItemProxy section */
		48E8CEB8193A66C000370D72 /* PBXContainerItemProxy */ = {
			isa = PBXContainerItemProxy;
			containerPortal = 48E8CE90193A66C000370D72 /* Project object */;
			proxyType = 1;
			remoteGlobalIDString = 48E8CE97193A66C000370D72;
			remoteInfo = "PDX Trails";
		};
/* End PBXContainerItemProxy section */

/* Begin PBXFileReference section */
		482D707019412F8100E1FD63 /* PTTrailRenderer.h */ = {isa = PBXFileReference; fileEncoding = 4; lastKnownFileType = sourcecode.c.h; path = PTTrailRenderer.h; sourceTree = "<group>"; };
		482D707119412F8100E1FD63 /* PTTrailRenderer.m */ = {isa = PBXFileReference; fileEncoding = 4; lastKnownFileType = sourcecode.c.objc; path = PTTrailRenderer.m; sourceTree = "<group>"; };
		48E8CE98193A66C000370D72 /* PDX Trails.app */ = {isa = PBXFileReference; explicitFileType = wrapper.application; includeInIndex = 0; path = "PDX Trails.app"; sourceTree = BUILT_PRODUCTS_DIR; };
		48E8CE9B193A66C000370D72 /* Foundation.framework */ = {isa = PBXFileReference; lastKnownFileType = wrapper.framework; name = Foundation.framework; path = System/Library/Frameworks/Foundation.framework; sourceTree = SDKROOT; };
		48E8CE9D193A66C000370D72 /* CoreGraphics.framework */ = {isa = PBXFileReference; lastKnownFileType = wrapper.framework; name = CoreGraphics.framework; path = System/Library/Frameworks/CoreGraphics.framework; sourceTree = SDKROOT; };
		48E8CE9F193A66C000370D72 /* UIKit.framework */ = {isa = PBXFileReference; lastKnownFileType = wrapper.framework; name = UIKit.framework; path = System/Library/Frameworks/UIKit.framework; sourceTree = SDKROOT; };
		48E8CEA3193A66C000370D72 /* PDX Trails-Info.plist */ = {isa = PBXFileReference; lastKnownFileType = text.plist.xml; path = "PDX Trails-Info.plist"; sourceTree = "<group>"; };
		48E8CEA5193A66C000370D72 /* en */ = {isa = PBXFileReference; lastKnownFileType = text.plist.strings; name = en; path = en.lproj/InfoPlist.strings; sourceTree = "<group>"; };
		48E8CEA7193A66C000370D72 /* main.m */ = {isa = PBXFileReference; lastKnownFileType = sourcecode.c.objc; path = main.m; sourceTree = "<group>"; };
		48E8CEA9193A66C000370D72 /* PDX Trails-Prefix.pch */ = {isa = PBXFileReference; lastKnownFileType = sourcecode.c.h; path = "PDX Trails-Prefix.pch"; sourceTree = "<group>"; };
		48E8CEAA193A66C000370D72 /* PTAppDelegate.h */ = {isa = PBXFileReference; lastKnownFileType = sourcecode.c.h; path = PTAppDelegate.h; sourceTree = "<group>"; };
		48E8CEAB193A66C000370D72 /* PTAppDelegate.m */ = {isa = PBXFileReference; lastKnownFileType = sourcecode.c.objc; path = PTAppDelegate.m; sourceTree = "<group>"; };
		48E8CEAD193A66C000370D72 /* Images.xcassets */ = {isa = PBXFileReference; lastKnownFileType = folder.assetcatalog; path = Images.xcassets; sourceTree = "<group>"; };
		48E8CEB3193A66C000370D72 /* PDX TrailsTests.xctest */ = {isa = PBXFileReference; explicitFileType = wrapper.cfbundle; includeInIndex = 0; path = "PDX TrailsTests.xctest"; sourceTree = BUILT_PRODUCTS_DIR; };
		48E8CEB4193A66C000370D72 /* XCTest.framework */ = {isa = PBXFileReference; lastKnownFileType = wrapper.framework; name = XCTest.framework; path = Library/Frameworks/XCTest.framework; sourceTree = DEVELOPER_DIR; };
		48E8CEBC193A66C000370D72 /* PDX TrailsTests-Info.plist */ = {isa = PBXFileReference; lastKnownFileType = text.plist.xml; path = "PDX TrailsTests-Info.plist"; sourceTree = "<group>"; };
		48E8CEBE193A66C000370D72 /* en */ = {isa = PBXFileReference; lastKnownFileType = text.plist.strings; name = en; path = en.lproj/InfoPlist.strings; sourceTree = "<group>"; };
		48E8CEC0193A66C000370D72 /* PDX_TrailsTests.m */ = {isa = PBXFileReference; lastKnownFileType = sourcecode.c.objc; path = PDX_TrailsTests.m; sourceTree = "<group>"; };
		48E8CECB193A699100370D72 /* NBPD_Trail_Counts_2008_2009_2010_2011_2012_2013.xls */ = {isa = PBXFileReference; lastKnownFileType = file; path = NBPD_Trail_Counts_2008_2009_2010_2011_2012_2013.xls; sourceTree = "<group>"; };
		48E8CECC193A699100370D72 /* Trail_Count_Sites.kmz */ = {isa = PBXFileReference; lastKnownFileType = file; path = Trail_Count_Sites.kmz; sourceTree = "<group>"; };
		48E8CECD193A699100370D72 /* trails.zip */ = {isa = PBXFileReference; lastKnownFileType = archive.zip; path = trails.zip; sourceTree = "<group>"; };
		48E8CECE193A772100370D72 /* PTRootMapViewController.h */ = {isa = PBXFileReference; fileEncoding = 4; lastKnownFileType = sourcecode.c.h; path = PTRootMapViewController.h; sourceTree = "<group>"; };
		48E8CECF193A772100370D72 /* PTRootMapViewController.m */ = {isa = PBXFileReference; fileEncoding = 4; lastKnownFileType = sourcecode.c.objc; path = PTRootMapViewController.m; sourceTree = "<group>"; };
		48E8CED1193A773700370D72 /* PTTrailInfoViewController.h */ = {isa = PBXFileReference; fileEncoding = 4; lastKnownFileType = sourcecode.c.h; path = PTTrailInfoViewController.h; sourceTree = "<group>"; };
		48E8CED2193A773700370D72 /* PTTrailInfoViewController.m */ = {isa = PBXFileReference; fileEncoding = 4; lastKnownFileType = sourcecode.c.objc; path = PTTrailInfoViewController.m; sourceTree = "<group>"; };
		48E8CED4193A810200370D72 /* PTUserDetailsViewController.h */ = {isa = PBXFileReference; fileEncoding = 4; lastKnownFileType = sourcecode.c.h; path = PTUserDetailsViewController.h; sourceTree = "<group>"; };
		48E8CED5193A810200370D72 /* PTUserDetailsViewController.m */ = {isa = PBXFileReference; fileEncoding = 4; lastKnownFileType = sourcecode.c.objc; path = PTUserDetailsViewController.m; sourceTree = "<group>"; };
		48E8CED8193A9FA600370D72 /* SWRevealViewController.h */ = {isa = PBXFileReference; fileEncoding = 4; lastKnownFileType = sourcecode.c.h; path = SWRevealViewController.h; sourceTree = "<group>"; };
		48E8CED9193A9FA600370D72 /* SWRevealViewController.m */ = {isa = PBXFileReference; fileEncoding = 4; lastKnownFileType = sourcecode.c.objc; path = SWRevealViewController.m; sourceTree = "<group>"; };
		48E8CEDB193AADBC00370D72 /* PTConstants.h */ = {isa = PBXFileReference; fileEncoding = 4; lastKnownFileType = sourcecode.c.h; path = PTConstants.h; sourceTree = "<group>"; };
		48E8CEDC193AADBC00370D72 /* PTConstants.m */ = {isa = PBXFileReference; fileEncoding = 4; lastKnownFileType = sourcecode.c.objc; path = PTConstants.m; sourceTree = "<group>"; };
		48E8CEE1193AB69100370D72 /* PTTrailFinderViewControllerProtocol.h */ = {isa = PBXFileReference; fileEncoding = 4; lastKnownFileType = sourcecode.c.h; path = PTTrailFinderViewControllerProtocol.h; sourceTree = "<group>"; };
		48E8CEE2193AB70600370D72 /* PTCyclingTrailFinderViewController.h */ = {isa = PBXFileReference; fileEncoding = 4; lastKnownFileType = sourcecode.c.h; path = PTCyclingTrailFinderViewController.h; sourceTree = "<group>"; };
		48E8CEE3193AB70600370D72 /* PTCyclingTrailFinderViewController.m */ = {isa = PBXFileReference; fileEncoding = 4; lastKnownFileType = sourcecode.c.objc; path = PTCyclingTrailFinderViewController.m; sourceTree = "<group>"; };
		48E8CEE5193AC1AA00370D72 /* PTWalkingTrailFinderViewController.h */ = {isa = PBXFileReference; fileEncoding = 4; lastKnownFileType = sourcecode.c.h; path = PTWalkingTrailFinderViewController.h; sourceTree = "<group>"; };
		48E8CEE6193AC1AA00370D72 /* PTWalkingTrailFinderViewController.m */ = {isa = PBXFileReference; fileEncoding = 4; lastKnownFileType = sourcecode.c.objc; path = PTWalkingTrailFinderViewController.m; sourceTree = "<group>"; };
		48E8CEE8193AE98600370D72 /* PTADATrailFinderViewController.h */ = {isa = PBXFileReference; fileEncoding = 4; lastKnownFileType = sourcecode.c.h; path = PTADATrailFinderViewController.h; sourceTree = "<group>"; };
		48E8CEE9193AE98600370D72 /* PTADATrailFinderViewController.m */ = {isa = PBXFileReference; fileEncoding = 4; lastKnownFileType = sourcecode.c.objc; path = PTADATrailFinderViewController.m; sourceTree = "<group>"; };
		48E8CEEB193AE9A800370D72 /* PTHikingTrailFinderViewController.h */ = {isa = PBXFileReference; fileEncoding = 4; lastKnownFileType = sourcecode.c.h; path = PTHikingTrailFinderViewController.h; sourceTree = "<group>"; };
		48E8CEEC193AE9A800370D72 /* PTHikingTrailFinderViewController.m */ = {isa = PBXFileReference; fileEncoding = 4; lastKnownFileType = sourcecode.c.objc; path = PTHikingTrailFinderViewController.m; sourceTree = "<group>"; };
		48E8CEF7193B937D00370D72 /* PTTrail.h */ = {isa = PBXFileReference; fileEncoding = 4; lastKnownFileType = sourcecode.c.h; path = PTTrail.h; sourceTree = "<group>"; };
		48E8CEF8193B937D00370D72 /* PTTrail.m */ = {isa = PBXFileReference; fileEncoding = 4; lastKnownFileType = sourcecode.c.objc; path = PTTrail.m; sourceTree = "<group>"; };
		48E8CEFD193B9F6200370D72 /* PTTrailDataProvider.h */ = {isa = PBXFileReference; fileEncoding = 4; lastKnownFileType = sourcecode.c.h; path = PTTrailDataProvider.h; sourceTree = "<group>"; };
		48E8CEFE193B9F6200370D72 /* PTTrailDataProvider.m */ = {isa = PBXFileReference; fileEncoding = 4; lastKnownFileType = sourcecode.c.objc; path = PTTrailDataProvider.m; sourceTree = "<group>"; };
		48E8CF01193BE05400370D72 /* PTFilterCell.h */ = {isa = PBXFileReference; fileEncoding = 4; lastKnownFileType = sourcecode.c.h; path = PTFilterCell.h; sourceTree = "<group>"; };
		48E8CF02193BE05400370D72 /* PTFilterCell.m */ = {isa = PBXFileReference; fileEncoding = 4; lastKnownFileType = sourcecode.c.objc; path = PTFilterCell.m; sourceTree = "<group>"; };
		48E8CF04193C0D1E00370D72 /* PTTrailSegment.h */ = {isa = PBXFileReference; fileEncoding = 4; lastKnownFileType = sourcecode.c.h; path = PTTrailSegment.h; sourceTree = "<group>"; };
		48E8CF05193C0D1E00370D72 /* PTTrailSegment.m */ = {isa = PBXFileReference; fileEncoding = 4; lastKnownFileType = sourcecode.c.objc; path = PTTrailSegment.m; sourceTree = "<group>"; };
		48E8CF07193C15C200370D72 /* areas.geojson */ = {isa = PBXFileReference; fileEncoding = 4; lastKnownFileType = text; path = areas.geojson; sourceTree = "<group>"; };
		48E8CF08193C15C200370D72 /* named_trails.csv */ = {isa = PBXFileReference; fileEncoding = 4; lastKnownFileType = text; path = named_trails.csv; sourceTree = "<group>"; };
		48E8CF09193C15C200370D72 /* stewards.csv */ = {isa = PBXFileReference; fileEncoding = 4; lastKnownFileType = text; path = stewards.csv; sourceTree = "<group>"; };
		48E8CF0A193C15C200370D72 /* trail_segments.geojson */ = {isa = PBXFileReference; fileEncoding = 4; lastKnownFileType = text; path = trail_segments.geojson; sourceTree = "<group>"; };
		48E8CF0B193C15C200370D72 /* trailheads.geojson */ = {isa = PBXFileReference; fileEncoding = 4; lastKnownFileType = text; path = trailheads.geojson; sourceTree = "<group>"; };
		48E8CF11193C1BB700370D72 /* PTPLATSImportOperation.h */ = {isa = PBXFileReference; fileEncoding = 4; lastKnownFileType = sourcecode.c.h; path = PTPLATSImportOperation.h; sourceTree = "<group>"; };
		48E8CF12193C1BB700370D72 /* PTPLATSImportOperation.m */ = {isa = PBXFileReference; fileEncoding = 4; lastKnownFileType = sourcecode.c.objc; path = PTPLATSImportOperation.m; sourceTree = "<group>"; };
		48E8CF15193C1E4100370D72 /* CHCSVParser.h */ = {isa = PBXFileReference; fileEncoding = 4; lastKnownFileType = sourcecode.c.h; path = CHCSVParser.h; sourceTree = "<group>"; };
		48E8CF16193C1E4100370D72 /* CHCSVParser.m */ = {isa = PBXFileReference; fileEncoding = 4; lastKnownFileType = sourcecode.c.objc; path = CHCSVParser.m; sourceTree = "<group>"; };
/* End PBXFileReference section */

/* Begin PBXFrameworksBuildPhase section */
		48E8CE95193A66C000370D72 /* Frameworks */ = {
			isa = PBXFrameworksBuildPhase;
			buildActionMask = 2147483647;
			files = (
				48E8CE9E193A66C000370D72 /* CoreGraphics.framework in Frameworks */,
				48E8CEA0193A66C000370D72 /* UIKit.framework in Frameworks */,
				48E8CE9C193A66C000370D72 /* Foundation.framework in Frameworks */,
			);
			runOnlyForDeploymentPostprocessing = 0;
		};
		48E8CEB0193A66C000370D72 /* Frameworks */ = {
			isa = PBXFrameworksBuildPhase;
			buildActionMask = 2147483647;
			files = (
				48E8CEB5193A66C000370D72 /* XCTest.framework in Frameworks */,
				48E8CEB7193A66C000370D72 /* UIKit.framework in Frameworks */,
				48E8CEB6193A66C000370D72 /* Foundation.framework in Frameworks */,
			);
			runOnlyForDeploymentPostprocessing = 0;
		};
/* End PBXFrameworksBuildPhase section */

/* Begin PBXGroup section */
		48E8CE8F193A66C000370D72 = {
			isa = PBXGroup;
			children = (
				48E8CEA1193A66C000370D72 /* PDX Trails */,
				48E8CEBA193A66C000370D72 /* PDX TrailsTests */,
				48E8CE9A193A66C000370D72 /* Frameworks */,
				48E8CE99193A66C000370D72 /* Products */,
			);
			sourceTree = "<group>";
		};
		48E8CE99193A66C000370D72 /* Products */ = {
			isa = PBXGroup;
			children = (
				48E8CE98193A66C000370D72 /* PDX Trails.app */,
				48E8CEB3193A66C000370D72 /* PDX TrailsTests.xctest */,
			);
			name = Products;
			sourceTree = "<group>";
		};
		48E8CE9A193A66C000370D72 /* Frameworks */ = {
			isa = PBXGroup;
			children = (
				48E8CE9B193A66C000370D72 /* Foundation.framework */,
				48E8CE9D193A66C000370D72 /* CoreGraphics.framework */,
				48E8CE9F193A66C000370D72 /* UIKit.framework */,
				48E8CEB4193A66C000370D72 /* XCTest.framework */,
			);
			name = Frameworks;
			sourceTree = "<group>";
		};
		48E8CEA1193A66C000370D72 /* PDX Trails */ = {
			isa = PBXGroup;
			children = (
				48E8CED7193A9F9C00370D72 /* OSS External Libraries */,
				48E8CEDE193AB59500370D72 /* App Global */,
				48E8CEDF193AB5A700370D72 /* Primary View Controllers */,
				48E8CEE0193AB5B800370D72 /* Child View Controllers */,
				48E8CEEF193B8EC400370D72 /* Data Model */,
				48E8CEEE193AEF9200370D72 /* User Interface */,
				48E8CEA2193A66C000370D72 /* Supporting Files */,
			);
			path = "PDX Trails";
			sourceTree = "<group>";
		};
		48E8CEA2193A66C000370D72 /* Supporting Files */ = {
			isa = PBXGroup;
			children = (
				48E8CEAD193A66C000370D72 /* Images.xcassets */,
				48E8CECA193A693900370D72 /* Data Files */,
				48E8CEA3193A66C000370D72 /* PDX Trails-Info.plist */,
				48E8CEA4193A66C000370D72 /* InfoPlist.strings */,
				48E8CEA7193A66C000370D72 /* main.m */,
				48E8CEA9193A66C000370D72 /* PDX Trails-Prefix.pch */,
			);
			name = "Supporting Files";
			sourceTree = "<group>";
		};
		48E8CEBA193A66C000370D72 /* PDX TrailsTests */ = {
			isa = PBXGroup;
			children = (
				48E8CEC0193A66C000370D72 /* PDX_TrailsTests.m */,
				48E8CEBB193A66C000370D72 /* Supporting Files */,
			);
			path = "PDX TrailsTests";
			sourceTree = "<group>";
		};
		48E8CEBB193A66C000370D72 /* Supporting Files */ = {
			isa = PBXGroup;
			children = (
				48E8CEBC193A66C000370D72 /* PDX TrailsTests-Info.plist */,
				48E8CEBD193A66C000370D72 /* InfoPlist.strings */,
			);
			name = "Supporting Files";
			sourceTree = "<group>";
		};
		48E8CECA193A693900370D72 /* Data Files */ = {
			isa = PBXGroup;
			children = (
				48E8CF07193C15C200370D72 /* areas.geojson */,
				48E8CF08193C15C200370D72 /* named_trails.csv */,
				48E8CF09193C15C200370D72 /* stewards.csv */,
				48E8CF0A193C15C200370D72 /* trail_segments.geojson */,
				48E8CF0B193C15C200370D72 /* trailheads.geojson */,
				48E8CECB193A699100370D72 /* NBPD_Trail_Counts_2008_2009_2010_2011_2012_2013.xls */,
				48E8CECC193A699100370D72 /* Trail_Count_Sites.kmz */,
				48E8CECD193A699100370D72 /* trails.zip */,
			);
			path = "Data Files";
			sourceTree = "<group>";
		};
		48E8CED7193A9F9C00370D72 /* OSS External Libraries */ = {
			isa = PBXGroup;
			children = (
				48E8CF14193C1E0000370D72 /* CHCSVParser */,
				48E8CEF0193B8EC900370D72 /* SWRevealViewController */,
			);
			name = "OSS External Libraries";
			sourceTree = "<group>";
		};
		48E8CEDE193AB59500370D72 /* App Global */ = {
			isa = PBXGroup;
			children = (
				48E8CEAA193A66C000370D72 /* PTAppDelegate.h */,
				48E8CEAB193A66C000370D72 /* PTAppDelegate.m */,
				48E8CEFD193B9F6200370D72 /* PTTrailDataProvider.h */,
				48E8CEFE193B9F6200370D72 /* PTTrailDataProvider.m */,
				48E8CEDB193AADBC00370D72 /* PTConstants.h */,
				48E8CEDC193AADBC00370D72 /* PTConstants.m */,
			);
			name = "App Global";
			sourceTree = "<group>";
		};
		48E8CEDF193AB5A700370D72 /* Primary View Controllers */ = {
			isa = PBXGroup;
			children = (
				48E8CECE193A772100370D72 /* PTRootMapViewController.h */,
				48E8CECF193A772100370D72 /* PTRootMapViewController.m */,
				48E8CED1193A773700370D72 /* PTTrailInfoViewController.h */,
				48E8CED2193A773700370D72 /* PTTrailInfoViewController.m */,
				48E8CED4193A810200370D72 /* PTUserDetailsViewController.h */,
				48E8CED5193A810200370D72 /* PTUserDetailsViewController.m */,
			);
			name = "Primary View Controllers";
			sourceTree = "<group>";
		};
		48E8CEE0193AB5B800370D72 /* Child View Controllers */ = {
			isa = PBXGroup;
			children = (
				48E8CEE1193AB69100370D72 /* PTTrailFinderViewControllerProtocol.h */,
				48E8CEE2193AB70600370D72 /* PTCyclingTrailFinderViewController.h */,
				48E8CEE3193AB70600370D72 /* PTCyclingTrailFinderViewController.m */,
				48E8CEE5193AC1AA00370D72 /* PTWalkingTrailFinderViewController.h */,
				48E8CEE6193AC1AA00370D72 /* PTWalkingTrailFinderViewController.m */,
				48E8CEE8193AE98600370D72 /* PTADATrailFinderViewController.h */,
				48E8CEE9193AE98600370D72 /* PTADATrailFinderViewController.m */,
				48E8CEEB193AE9A800370D72 /* PTHikingTrailFinderViewController.h */,
				48E8CEEC193AE9A800370D72 /* PTHikingTrailFinderViewController.m */,
			);
			name = "Child View Controllers";
			sourceTree = "<group>";
		};
		48E8CEEE193AEF9200370D72 /* User Interface */ = {
			isa = PBXGroup;
			children = (
				48E8CF01193BE05400370D72 /* PTFilterCell.h */,
				48E8CF02193BE05400370D72 /* PTFilterCell.m */,
				482D707019412F8100E1FD63 /* PTTrailRenderer.h */,
				482D707119412F8100E1FD63 /* PTTrailRenderer.m */,
			);
			name = "User Interface";
			sourceTree = "<group>";
		};
		48E8CEEF193B8EC400370D72 /* Data Model */ = {
			isa = PBXGroup;
			children = (
				48E8CEF7193B937D00370D72 /* PTTrail.h */,
				48E8CEF8193B937D00370D72 /* PTTrail.m */,
				48E8CF04193C0D1E00370D72 /* PTTrailSegment.h */,
				48E8CF05193C0D1E00370D72 /* PTTrailSegment.m */,
				48E8CF11193C1BB700370D72 /* PTPLATSImportOperation.h */,
				48E8CF12193C1BB700370D72 /* PTPLATSImportOperation.m */,
			);
			name = "Data Model";
			sourceTree = "<group>";
		};
		48E8CEF0193B8EC900370D72 /* SWRevealViewController */ = {
			isa = PBXGroup;
			children = (
				48E8CED8193A9FA600370D72 /* SWRevealViewController.h */,
				48E8CED9193A9FA600370D72 /* SWRevealViewController.m */,
			);
			name = SWRevealViewController;
			sourceTree = "<group>";
		};
		48E8CF14193C1E0000370D72 /* CHCSVParser */ = {
			isa = PBXGroup;
			children = (
				48E8CF15193C1E4100370D72 /* CHCSVParser.h */,
				48E8CF16193C1E4100370D72 /* CHCSVParser.m */,
			);
			name = CHCSVParser;
			sourceTree = "<group>";
		};
/* End PBXGroup section */

/* Begin PBXNativeTarget section */
		48E8CE97193A66C000370D72 /* PDX Trails */ = {
			isa = PBXNativeTarget;
			buildConfigurationList = 48E8CEC4193A66C000370D72 /* Build configuration list for PBXNativeTarget "PDX Trails" */;
			buildPhases = (
				48E8CE94193A66C000370D72 /* Sources */,
				48E8CE95193A66C000370D72 /* Frameworks */,
				48E8CE96193A66C000370D72 /* Resources */,
			);
			buildRules = (
			);
			dependencies = (
			);
			name = "PDX Trails";
			productName = "PDX Trails";
			productReference = 48E8CE98193A66C000370D72 /* PDX Trails.app */;
			productType = "com.apple.product-type.application";
		};
		48E8CEB2193A66C000370D72 /* PDX TrailsTests */ = {
			isa = PBXNativeTarget;
			buildConfigurationList = 48E8CEC7193A66C000370D72 /* Build configuration list for PBXNativeTarget "PDX TrailsTests" */;
			buildPhases = (
				48E8CEAF193A66C000370D72 /* Sources */,
				48E8CEB0193A66C000370D72 /* Frameworks */,
				48E8CEB1193A66C000370D72 /* Resources */,
			);
			buildRules = (
			);
			dependencies = (
				48E8CEB9193A66C000370D72 /* PBXTargetDependency */,
			);
			name = "PDX TrailsTests";
			productName = "PDX TrailsTests";
			productReference = 48E8CEB3193A66C000370D72 /* PDX TrailsTests.xctest */;
			productType = "com.apple.product-type.bundle.unit-test";
		};
/* End PBXNativeTarget section */

/* Begin PBXProject section */
		48E8CE90193A66C000370D72 /* Project object */ = {
			isa = PBXProject;
			attributes = {
				CLASSPREFIX = PT;
				LastUpgradeCheck = 0510;
				ORGANIZATIONNAME = "Code for Portland";
				TargetAttributes = {
					48E8CE97193A66C000370D72 = {
						DevelopmentTeam = Y97C7YWSBK;
					};
					48E8CEB2193A66C000370D72 = {
						TestTargetID = 48E8CE97193A66C000370D72;
					};
				};
			};
			buildConfigurationList = 48E8CE93193A66C000370D72 /* Build configuration list for PBXProject "PDX Trails" */;
			compatibilityVersion = "Xcode 3.2";
			developmentRegion = English;
			hasScannedForEncodings = 0;
			knownRegions = (
				en,
			);
			mainGroup = 48E8CE8F193A66C000370D72;
			productRefGroup = 48E8CE99193A66C000370D72 /* Products */;
			projectDirPath = "";
			projectRoot = "";
			targets = (
				48E8CE97193A66C000370D72 /* PDX Trails */,
				48E8CEB2193A66C000370D72 /* PDX TrailsTests */,
			);
		};
/* End PBXProject section */

/* Begin PBXResourcesBuildPhase section */
		48E8CE96193A66C000370D72 /* Resources */ = {
			isa = PBXResourcesBuildPhase;
			buildActionMask = 2147483647;
			files = (
				48E8CF0F193C15C200370D72 /* trail_segments.geojson in Resources */,
				48E8CEA6193A66C000370D72 /* InfoPlist.strings in Resources */,
				48E8CF0D193C15C200370D72 /* named_trails.csv in Resources */,
				48E8CF10193C15C200370D72 /* trailheads.geojson in Resources */,
				48E8CEAE193A66C000370D72 /* Images.xcassets in Resources */,
				48E8CF0E193C15C200370D72 /* stewards.csv in Resources */,
				48E8CF0C193C15C200370D72 /* areas.geojson in Resources */,
			);
			runOnlyForDeploymentPostprocessing = 0;
		};
		48E8CEB1193A66C000370D72 /* Resources */ = {
			isa = PBXResourcesBuildPhase;
			buildActionMask = 2147483647;
			files = (
				48E8CEBF193A66C000370D72 /* InfoPlist.strings in Resources */,
			);
			runOnlyForDeploymentPostprocessing = 0;
		};
/* End PBXResourcesBuildPhase section */

/* Begin PBXSourcesBuildPhase section */
		48E8CE94193A66C000370D72 /* Sources */ = {
			isa = PBXSourcesBuildPhase;
			buildActionMask = 2147483647;
			files = (
				48E8CEED193AE9A800370D72 /* PTHikingTrailFinderViewController.m in Sources */,
				482D707219412F8100E1FD63 /* PTTrailRenderer.m in Sources */,
				48E8CEAC193A66C000370D72 /* PTAppDelegate.m in Sources */,
				48E8CED3193A773700370D72 /* PTTrailInfoViewController.m in Sources */,
				48E8CF03193BE05400370D72 /* PTFilterCell.m in Sources */,
				48E8CEF9193B937D00370D72 /* PTTrail.m in Sources */,
				48E8CED6193A810200370D72 /* PTUserDetailsViewController.m in Sources */,
				48E8CF06193C0D1E00370D72 /* PTTrailSegment.m in Sources */,
				48E8CF17193C1E4100370D72 /* CHCSVParser.m in Sources */,
				48E8CEFF193B9F6200370D72 /* PTTrailDataProvider.m in Sources */,
				48E8CF13193C1BB700370D72 /* PTPLATSImportOperation.m in Sources */,
				48E8CEDD193AADBC00370D72 /* PTConstants.m in Sources */,
				48E8CED0193A772100370D72 /* PTRootMapViewController.m in Sources */,
				48E8CEEA193AE98600370D72 /* PTADATrailFinderViewController.m in Sources */,
				48E8CEE7193AC1AA00370D72 /* PTWalkingTrailFinderViewController.m in Sources */,
				48E8CEA8193A66C000370D72 /* main.m in Sources */,
				48E8CEDA193A9FA600370D72 /* SWRevealViewController.m in Sources */,
				48E8CEE4193AB70600370D72 /* PTCyclingTrailFinderViewController.m in Sources */,
			);
			runOnlyForDeploymentPostprocessing = 0;
		};
		48E8CEAF193A66C000370D72 /* Sources */ = {
			isa = PBXSourcesBuildPhase;
			buildActionMask = 2147483647;
			files = (
				48E8CEC1193A66C000370D72 /* PDX_TrailsTests.m in Sources */,
			);
			runOnlyForDeploymentPostprocessing = 0;
		};
/* End PBXSourcesBuildPhase section */

/* Begin PBXTargetDependency section */
		48E8CEB9193A66C000370D72 /* PBXTargetDependency */ = {
			isa = PBXTargetDependency;
			target = 48E8CE97193A66C000370D72 /* PDX Trails */;
			targetProxy = 48E8CEB8193A66C000370D72 /* PBXContainerItemProxy */;
		};
/* End PBXTargetDependency section */

/* Begin PBXVariantGroup section */
		48E8CEA4193A66C000370D72 /* InfoPlist.strings */ = {
			isa = PBXVariantGroup;
			children = (
				48E8CEA5193A66C000370D72 /* en */,
			);
			name = InfoPlist.strings;
			sourceTree = "<group>";
		};
		48E8CEBD193A66C000370D72 /* InfoPlist.strings */ = {
			isa = PBXVariantGroup;
			children = (
				48E8CEBE193A66C000370D72 /* en */,
			);
			name = InfoPlist.strings;
			sourceTree = "<group>";
		};
/* End PBXVariantGroup section */

/* Begin XCBuildConfiguration section */
		48E8CEC2193A66C000370D72 /* Debug */ = {
			isa = XCBuildConfiguration;
			buildSettings = {
				ALWAYS_SEARCH_USER_PATHS = NO;
				CLANG_CXX_LANGUAGE_STANDARD = "gnu++0x";
				CLANG_CXX_LIBRARY = "libc++";
				CLANG_ENABLE_MODULES = YES;
				CLANG_ENABLE_OBJC_ARC = YES;
				CLANG_WARN_BOOL_CONVERSION = YES;
				CLANG_WARN_CONSTANT_CONVERSION = YES;
				CLANG_WARN_DIRECT_OBJC_ISA_USAGE = YES_ERROR;
				CLANG_WARN_EMPTY_BODY = YES;
				CLANG_WARN_ENUM_CONVERSION = YES;
				CLANG_WARN_INT_CONVERSION = YES;
				CLANG_WARN_OBJC_ROOT_CLASS = YES_ERROR;
				CLANG_WARN__DUPLICATE_METHOD_MATCH = YES;
				"CODE_SIGN_IDENTITY[sdk=iphoneos*]" = "iPhone Developer";
				COPY_PHASE_STRIP = NO;
				GCC_C_LANGUAGE_STANDARD = gnu99;
				GCC_DYNAMIC_NO_PIC = NO;
				GCC_OPTIMIZATION_LEVEL = 0;
				GCC_PREPROCESSOR_DEFINITIONS = (
					"DEBUG=1",
					"$(inherited)",
				);
				GCC_SYMBOLS_PRIVATE_EXTERN = NO;
				GCC_WARN_64_TO_32_BIT_CONVERSION = YES;
				GCC_WARN_ABOUT_RETURN_TYPE = YES_ERROR;
				GCC_WARN_UNDECLARED_SELECTOR = YES;
				GCC_WARN_UNINITIALIZED_AUTOS = YES_AGGRESSIVE;
				GCC_WARN_UNUSED_FUNCTION = YES;
				GCC_WARN_UNUSED_VARIABLE = YES;
				IPHONEOS_DEPLOYMENT_TARGET = 7.1;
				ONLY_ACTIVE_ARCH = YES;
				SDKROOT = iphoneos;
				TARGETED_DEVICE_FAMILY = 2;
			};
			name = Debug;
		};
		48E8CEC3193A66C000370D72 /* Release */ = {
			isa = XCBuildConfiguration;
			buildSettings = {
				ALWAYS_SEARCH_USER_PATHS = NO;
				CLANG_CXX_LANGUAGE_STANDARD = "gnu++0x";
				CLANG_CXX_LIBRARY = "libc++";
				CLANG_ENABLE_MODULES = YES;
				CLANG_ENABLE_OBJC_ARC = YES;
				CLANG_WARN_BOOL_CONVERSION = YES;
				CLANG_WARN_CONSTANT_CONVERSION = YES;
				CLANG_WARN_DIRECT_OBJC_ISA_USAGE = YES_ERROR;
				CLANG_WARN_EMPTY_BODY = YES;
				CLANG_WARN_ENUM_CONVERSION = YES;
				CLANG_WARN_INT_CONVERSION = YES;
				CLANG_WARN_OBJC_ROOT_CLASS = YES_ERROR;
				CLANG_WARN__DUPLICATE_METHOD_MATCH = YES;
				"CODE_SIGN_IDENTITY[sdk=iphoneos*]" = "iPhone Developer";
				COPY_PHASE_STRIP = YES;
				ENABLE_NS_ASSERTIONS = NO;
				GCC_C_LANGUAGE_STANDARD = gnu99;
				GCC_WARN_64_TO_32_BIT_CONVERSION = YES;
				GCC_WARN_ABOUT_RETURN_TYPE = YES_ERROR;
				GCC_WARN_UNDECLARED_SELECTOR = YES;
				GCC_WARN_UNINITIALIZED_AUTOS = YES_AGGRESSIVE;
				GCC_WARN_UNUSED_FUNCTION = YES;
				GCC_WARN_UNUSED_VARIABLE = YES;
				IPHONEOS_DEPLOYMENT_TARGET = 7.1;
				SDKROOT = iphoneos;
				TARGETED_DEVICE_FAMILY = 2;
				VALIDATE_PRODUCT = YES;
			};
			name = Release;
		};
		48E8CEC5193A66C000370D72 /* Debug */ = {
			isa = XCBuildConfiguration;
			buildSettings = {
				ASSETCATALOG_COMPILER_APPICON_NAME = AppIcon;
				ASSETCATALOG_COMPILER_LAUNCHIMAGE_NAME = LaunchImage;
				CODE_SIGN_IDENTITY = "iPhone Developer";
				"CODE_SIGN_IDENTITY[sdk=iphoneos*]" = "iPhone Developer";
				GCC_PRECOMPILE_PREFIX_HEADER = YES;
				GCC_PREFIX_HEADER = "PDX Trails/PDX Trails-Prefix.pch";
				INFOPLIST_FILE = "PDX Trails/PDX Trails-Info.plist";
				PRODUCT_NAME = "$(TARGET_NAME)";
				PROVISIONING_PROFILE = "";
				WRAPPER_EXTENSION = app;
			};
			name = Debug;
		};
		48E8CEC6193A66C000370D72 /* Release */ = {
			isa = XCBuildConfiguration;
			buildSettings = {
				ASSETCATALOG_COMPILER_APPICON_NAME = AppIcon;
				ASSETCATALOG_COMPILER_LAUNCHIMAGE_NAME = LaunchImage;
				CODE_SIGN_IDENTITY = "iPhone Developer";
				"CODE_SIGN_IDENTITY[sdk=iphoneos*]" = "iPhone Developer";
				GCC_PRECOMPILE_PREFIX_HEADER = YES;
				GCC_PREFIX_HEADER = "PDX Trails/PDX Trails-Prefix.pch";
				INFOPLIST_FILE = "PDX Trails/PDX Trails-Info.plist";
				PRODUCT_NAME = "$(TARGET_NAME)";
				PROVISIONING_PROFILE = "";
				WRAPPER_EXTENSION = app;
			};
			name = Release;
		};
		48E8CEC8193A66C000370D72 /* Debug */ = {
			isa = XCBuildConfiguration;
			buildSettings = {
				BUNDLE_LOADER = "$(BUILT_PRODUCTS_DIR)/PDX Trails.app/PDX Trails";
				FRAMEWORK_SEARCH_PATHS = (
					"$(SDKROOT)/Developer/Library/Frameworks",
					"$(inherited)",
					"$(DEVELOPER_FRAMEWORKS_DIR)",
				);
				GCC_PRECOMPILE_PREFIX_HEADER = YES;
				GCC_PREFIX_HEADER = "PDX Trails/PDX Trails-Prefix.pch";
				GCC_PREPROCESSOR_DEFINITIONS = (
					"DEBUG=1",
					"$(inherited)",
				);
				INFOPLIST_FILE = "PDX TrailsTests/PDX TrailsTests-Info.plist";
				PRODUCT_NAME = "$(TARGET_NAME)";
				TEST_HOST = "$(BUNDLE_LOADER)";
				WRAPPER_EXTENSION = xctest;
			};
			name = Debug;
		};
		48E8CEC9193A66C000370D72 /* Release */ = {
			isa = XCBuildConfiguration;
			buildSettings = {
				BUNDLE_LOADER = "$(BUILT_PRODUCTS_DIR)/PDX Trails.app/PDX Trails";
				FRAMEWORK_SEARCH_PATHS = (
					"$(SDKROOT)/Developer/Library/Frameworks",
					"$(inherited)",
					"$(DEVELOPER_FRAMEWORKS_DIR)",
				);
				GCC_PRECOMPILE_PREFIX_HEADER = YES;
				GCC_PREFIX_HEADER = "PDX Trails/PDX Trails-Prefix.pch";
				INFOPLIST_FILE = "PDX TrailsTests/PDX TrailsTests-Info.plist";
				PRODUCT_NAME = "$(TARGET_NAME)";
				TEST_HOST = "$(BUNDLE_LOADER)";
				WRAPPER_EXTENSION = xctest;
			};
			name = Release;
		};
/* End XCBuildConfiguration section */

/* Begin XCConfigurationList section */
		48E8CE93193A66C000370D72 /* Build configuration list for PBXProject "PDX Trails" */ = {
			isa = XCConfigurationList;
			buildConfigurations = (
				48E8CEC2193A66C000370D72 /* Debug */,
				48E8CEC3193A66C000370D72 /* Release */,
			);
			defaultConfigurationIsVisible = 0;
			defaultConfigurationName = Release;
		};
		48E8CEC4193A66C000370D72 /* Build configuration list for PBXNativeTarget "PDX Trails" */ = {
			isa = XCConfigurationList;
			buildConfigurations = (
				48E8CEC5193A66C000370D72 /* Debug */,
				48E8CEC6193A66C000370D72 /* Release */,
			);
			defaultConfigurationIsVisible = 0;
			defaultConfigurationName = Release;
		};
		48E8CEC7193A66C000370D72 /* Build configuration list for PBXNativeTarget "PDX TrailsTests" */ = {
			isa = XCConfigurationList;
			buildConfigurations = (
				48E8CEC8193A66C000370D72 /* Debug */,
				48E8CEC9193A66C000370D72 /* Release */,
			);
			defaultConfigurationIsVisible = 0;
			defaultConfigurationName = Release;
		};
/* End XCConfigurationList section */
	};
	rootObject = 48E8CE90193A66C000370D72 /* Project object */;
}
